
Microsoft Visual Studio Solution File, Format Version 12.00
# Visual Studio Version 16
VisualStudioVersion = 16.0.30907.101
MinimumVisualStudioVersion = 10.0.40219.1
Project("{FAE04EC0-301F-11D3-BF4B-00C04F79EFBC}") = "TestApplication", "TestApplication.csproj", "{CE04C1C8-16D6-4959-BC02-E8B1754CBBF2}"
EndProject
Project("{FAE04EC0-301F-11D3-BF4B-00C04F79EFBC}") = "UnitTestOfApp", "..\UnitTestOfApp\UnitTestOfApp.csproj", "{84A370B7-DD72-4154-8E50-3185216C35E7}"
EndProject
Global
	GlobalSection(SolutionConfigurationPlatforms) = preSolution
		Debug|Any CPU = Debug|Any CPU
		Release|Any CPU = Release|Any CPU
	EndGlobalSection
	GlobalSection(ProjectConfigurationPlatforms) = postSolution
		{CE04C1C8-16D6-4959-BC02-E8B1754CBBF2}.Debug|Any CPU.ActiveCfg = Debug|Any CPU
		{CE04C1C8-16D6-4959-BC02-E8B1754CBBF2}.Debug|Any CPU.Build.0 = Debug|Any CPU
		{CE04C1C8-16D6-4959-BC02-E8B1754CBBF2}.Release|Any CPU.ActiveCfg = Release|Any CPU
		{CE04C1C8-16D6-4959-BC02-E8B1754CBBF2}.Release|Any CPU.Build.0 = Release|Any CPU
		{84A370B7-DD72-4154-8E50-3185216C35E7}.Debug|Any CPU.ActiveCfg = Debug|Any CPU
		{84A370B7-DD72-4154-8E50-3185216C35E7}.Debug|Any CPU.Build.0 = Debug|Any CPU
		{84A370B7-DD72-4154-8E50-3185216C35E7}.Release|Any CPU.ActiveCfg = Release|Any CPU
		{84A370B7-DD72-4154-8E50-3185216C35E7}.Release|Any CPU.Build.0 = Release|Any CPU
	EndGlobalSection
	GlobalSection(SolutionProperties) = preSolution
		HideSolutionNode = FALSE
	EndGlobalSection
	GlobalSection(ExtensibilityGlobals) = postSolution
		SolutionGuid = {D054EDE2-8831-43D1-9908-B49045A7E43B}
	EndGlobalSection
EndGlobal
